
Microsoft Visual Studio Solution File, Format Version 12.00
# Visual Studio Version 17
VisualStudioVersion = 17.7.34018.315
MinimumVisualStudioVersion = 10.0.40219.1
Project("{9A19103F-16F7-4668-BE54-9A1E7A4F7556}") = "PersonalContacts.Engine.Api", "PersonalContacts.Engine\PersonalContacts.Engine.Api.csproj", "{21D6AD1F-234D-4640-BDB4-ADBF8A51C5E4}"
EndProject
Project("{9A19103F-16F7-4668-BE54-9A1E7A4F7556}") = "PersonalContacts.Engine.Handlers", "PersonalContacts.Engine.Services\PersonalContacts.Engine.Handlers.csproj", "{4A3F11AA-0579-4DE7-A346-07BC87B3B7E0}"
EndProject
Project("{9A19103F-16F7-4668-BE54-9A1E7A4F7556}") = "PersonalContacts.Engine.Domain", "PersonalContacts.Engine.Domain\PersonalContacts.Engine.Domain.csproj", "{E06A6DA2-319F-4695-972A-0B6007281E77}"
EndProject
Project("{9A19103F-16F7-4668-BE54-9A1E7A4F7556}") = "PersonalContacts.Engine.Data", "PersonalContacts.Engine.Data\PersonalContacts.Engine.Data.csproj", "{8B9411FA-98DD-4541-8CBE-73C1B497F05E}"
EndProject
Project("{9A19103F-16F7-4668-BE54-9A1E7A4F7556}") = "PersonalContacts.Engine.ApiModels", "PersonalContacts.Engine.ApiModels\PersonalContacts.Engine.ApiModels.csproj", "{22022140-58DE-4386-8BCE-30F825068F53}"
EndProject
Global
	GlobalSection(SolutionConfigurationPlatforms) = preSolution
		Debug|Any CPU = Debug|Any CPU
		Release|Any CPU = Release|Any CPU
	EndGlobalSection
	GlobalSection(ProjectConfigurationPlatforms) = postSolution
		{21D6AD1F-234D-4640-BDB4-ADBF8A51C5E4}.Debug|Any CPU.ActiveCfg = Debug|Any CPU
		{21D6AD1F-234D-4640-BDB4-ADBF8A51C5E4}.Debug|Any CPU.Build.0 = Debug|Any CPU
		{21D6AD1F-234D-4640-BDB4-ADBF8A51C5E4}.Release|Any CPU.ActiveCfg = Release|Any CPU
		{21D6AD1F-234D-4640-BDB4-ADBF8A51C5E4}.Release|Any CPU.Build.0 = Release|Any CPU
		{4A3F11AA-0579-4DE7-A346-07BC87B3B7E0}.Debug|Any CPU.ActiveCfg = Debug|Any CPU
		{4A3F11AA-0579-4DE7-A346-07BC87B3B7E0}.Debug|Any CPU.Build.0 = Debug|Any CPU
		{4A3F11AA-0579-4DE7-A346-07BC87B3B7E0}.Release|Any CPU.ActiveCfg = Release|Any CPU
		{4A3F11AA-0579-4DE7-A346-07BC87B3B7E0}.Release|Any CPU.Build.0 = Release|Any CPU
		{E06A6DA2-319F-4695-972A-0B6007281E77}.Debug|Any CPU.ActiveCfg = Debug|Any CPU
		{E06A6DA2-319F-4695-972A-0B6007281E77}.Debug|Any CPU.Build.0 = Debug|Any CPU
		{E06A6DA2-319F-4695-972A-0B6007281E77}.Release|Any CPU.ActiveCfg = Release|Any CPU
		{E06A6DA2-319F-4695-972A-0B6007281E77}.Release|Any CPU.Build.0 = Release|Any CPU
		{8B9411FA-98DD-4541-8CBE-73C1B497F05E}.Debug|Any CPU.ActiveCfg = Debug|Any CPU
		{8B9411FA-98DD-4541-8CBE-73C1B497F05E}.Debug|Any CPU.Build.0 = Debug|Any CPU
		{8B9411FA-98DD-4541-8CBE-73C1B497F05E}.Release|Any CPU.ActiveCfg = Release|Any CPU
		{8B9411FA-98DD-4541-8CBE-73C1B497F05E}.Release|Any CPU.Build.0 = Release|Any CPU
		{22022140-58DE-4386-8BCE-30F825068F53}.Debug|Any CPU.ActiveCfg = Debug|Any CPU
		{22022140-58DE-4386-8BCE-30F825068F53}.Debug|Any CPU.Build.0 = Debug|Any CPU
		{22022140-58DE-4386-8BCE-30F825068F53}.Release|Any CPU.ActiveCfg = Release|Any CPU
		{22022140-58DE-4386-8BCE-30F825068F53}.Release|Any CPU.Build.0 = Release|Any CPU
	EndGlobalSection
	GlobalSection(SolutionProperties) = preSolution
		HideSolutionNode = FALSE
	EndGlobalSection
	GlobalSection(ExtensibilityGlobals) = postSolution
		SolutionGuid = {88291D09-CE03-4862-8272-80E075E41DA2}
	EndGlobalSection
EndGlobal
